// !$*UTF8*$!
{
	archiveVersion = 1;
	classes = {
	};
	objectVersion = 46;
	objects = {

/* Begin PBXBuildFile section */
		340519D71761B90900FABD9B /* Category.m in Sources */ = {isa = PBXBuildFile; fileRef = 340519D61761B90900FABD9B /* Category.m */; };
		340519DA1761B90A00FABD9B /* PhotoFrame.m in Sources */ = {isa = PBXBuildFile; fileRef = 340519D91761B90A00FABD9B /* PhotoFrame.m */; };
		340519DC1762131900FABD9B /* PhotoAndMe.sqlite in Resources */ = {isa = PBXBuildFile; fileRef = 340519DB1762131900FABD9B /* PhotoAndMe.sqlite */; };
		3422C3641768DB620058D2B2 /* NSData+GIF.m in Sources */ = {isa = PBXBuildFile; fileRef = 3422C3491768DB620058D2B2 /* NSData+GIF.m */; settings = {COMPILER_FLAGS = "-fobjc-arc"; }; };
		3422C3651768DB620058D2B2 /* SDImageCache.m in Sources */ = {isa = PBXBuildFile; fileRef = 3422C34B1768DB620058D2B2 /* SDImageCache.m */; settings = {COMPILER_FLAGS = "-fobjc-arc"; }; };
		3422C3661768DB620058D2B2 /* SDWebImageCompat.m in Sources */ = {isa = PBXBuildFile; fileRef = 3422C34D1768DB620058D2B2 /* SDWebImageCompat.m */; settings = {COMPILER_FLAGS = "-fobjc-arc"; }; };
		3422C3671768DB620058D2B2 /* SDWebImageDecoder.m in Sources */ = {isa = PBXBuildFile; fileRef = 3422C34F1768DB620058D2B2 /* SDWebImageDecoder.m */; settings = {COMPILER_FLAGS = "-fobjc-arc"; }; };
		3422C3681768DB620058D2B2 /* SDWebImageDownloader.m in Sources */ = {isa = PBXBuildFile; fileRef = 3422C3511768DB620058D2B2 /* SDWebImageDownloader.m */; settings = {COMPILER_FLAGS = "-fobjc-arc"; }; };
		3422C3691768DB620058D2B2 /* SDWebImageDownloaderOperation.m in Sources */ = {isa = PBXBuildFile; fileRef = 3422C3531768DB620058D2B2 /* SDWebImageDownloaderOperation.m */; settings = {COMPILER_FLAGS = "-fobjc-arc"; }; };
		3422C36A1768DB620058D2B2 /* SDWebImageManager.m in Sources */ = {isa = PBXBuildFile; fileRef = 3422C3551768DB620058D2B2 /* SDWebImageManager.m */; settings = {COMPILER_FLAGS = "-fobjc-arc"; }; };
		3422C36B1768DB620058D2B2 /* SDWebImagePrefetcher.m in Sources */ = {isa = PBXBuildFile; fileRef = 3422C3581768DB620058D2B2 /* SDWebImagePrefetcher.m */; settings = {COMPILER_FLAGS = "-fobjc-arc"; }; };
		3422C36C1768DB620058D2B2 /* UIButton+WebCache.m in Sources */ = {isa = PBXBuildFile; fileRef = 3422C35A1768DB620058D2B2 /* UIButton+WebCache.m */; settings = {COMPILER_FLAGS = "-fobjc-arc"; }; };
		3422C36D1768DB620058D2B2 /* UIImage+GIF.m in Sources */ = {isa = PBXBuildFile; fileRef = 3422C35C1768DB620058D2B2 /* UIImage+GIF.m */; settings = {COMPILER_FLAGS = "-fobjc-arc"; }; };
		3422C36E1768DB620058D2B2 /* UIImage+MultiFormat.m in Sources */ = {isa = PBXBuildFile; fileRef = 3422C35E1768DB620058D2B2 /* UIImage+MultiFormat.m */; settings = {COMPILER_FLAGS = "-fobjc-arc"; }; };
		3422C36F1768DB620058D2B2 /* UIImage+WebP.m in Sources */ = {isa = PBXBuildFile; fileRef = 3422C3601768DB620058D2B2 /* UIImage+WebP.m */; settings = {COMPILER_FLAGS = "-fobjc-arc"; }; };
		3422C3701768DB620058D2B2 /* UIImageView+WebCache.m in Sources */ = {isa = PBXBuildFile; fileRef = 3422C3621768DB620058D2B2 /* UIImageView+WebCache.m */; settings = {COMPILER_FLAGS = "-fobjc-arc"; }; };
		3422C3721768DC200058D2B2 /* ImageIO.framework in Frameworks */ = {isa = PBXBuildFile; fileRef = 3422C3711768DC200058D2B2 /* ImageIO.framework */; };
		3422C3861768E4470058D2B2 /* PreloadImageSystem in Resources */ = {isa = PBXBuildFile; fileRef = 3422C3851768E4470058D2B2 /* PreloadImageSystem */; };
		3426DCB5176A04CD00CB5FEA /* AddCategoryViewController.m in Sources */ = {isa = PBXBuildFile; fileRef = 3426DCB3176A04CD00CB5FEA /* AddCategoryViewController.m */; };
		3426DCB6176A04CD00CB5FEA /* AddCategoryViewController.xib in Resources */ = {isa = PBXBuildFile; fileRef = 3426DCB4176A04CD00CB5FEA /* AddCategoryViewController.xib */; };
		34C0CCC4175B42CA00F8BCED /* Parse.framework in Frameworks */ = {isa = PBXBuildFile; fileRef = 34C0CCC3175B42CA00F8BCED /* Parse.framework */; };
		34C0CCC6175B42E400F8BCED /* AudioToolbox.framework in Frameworks */ = {isa = PBXBuildFile; fileRef = 34C0CCC5175B42E400F8BCED /* AudioToolbox.framework */; };
		34C0CCC8175B42ED00F8BCED /* CFNetwork.framework in Frameworks */ = {isa = PBXBuildFile; fileRef = 34C0CCC7175B42ED00F8BCED /* CFNetwork.framework */; };
		34C0CCCA175B42F600F8BCED /* CoreLocation.framework in Frameworks */ = {isa = PBXBuildFile; fileRef = 34C0CCC9175B42F600F8BCED /* CoreLocation.framework */; };
		34C0CCCC175B42FD00F8BCED /* libz.1.1.3.dylib in Frameworks */ = {isa = PBXBuildFile; fileRef = 34C0CCCB175B42FD00F8BCED /* libz.1.1.3.dylib */; };
		34C0CCCE175B430300F8BCED /* MobileCoreServices.framework in Frameworks */ = {isa = PBXBuildFile; fileRef = 34C0CCCD175B430300F8BCED /* MobileCoreServices.framework */; };
		34C0CCD0175B430A00F8BCED /* QuartzCore.framework in Frameworks */ = {isa = PBXBuildFile; fileRef = 34C0CCCF175B430A00F8BCED /* QuartzCore.framework */; };
		34C0CCD2175B431000F8BCED /* Security.framework in Frameworks */ = {isa = PBXBuildFile; fileRef = 34C0CCD1175B431000F8BCED /* Security.framework */; };
		34C0CCD4175B431600F8BCED /* StoreKit.framework in Frameworks */ = {isa = PBXBuildFile; fileRef = 34C0CCD3175B431600F8BCED /* StoreKit.framework */; };
		34C0CCD6175B431C00F8BCED /* SystemConfiguration.framework in Frameworks */ = {isa = PBXBuildFile; fileRef = 34C0CCD5175B431C00F8BCED /* SystemConfiguration.framework */; };
		34C0CCD8175B439C00F8BCED /* AdSupport.framework in Frameworks */ = {isa = PBXBuildFile; fileRef = 34C0CCD7175B439C00F8BCED /* AdSupport.framework */; settings = {ATTRIBUTES = (Weak, ); }; };
		34C0CCDA175B43A800F8BCED /* Social.framework in Frameworks */ = {isa = PBXBuildFile; fileRef = 34C0CCD9175B43A800F8BCED /* Social.framework */; settings = {ATTRIBUTES = (Weak, ); }; };
		34C0CCDC175B43B300F8BCED /* Accounts.framework in Frameworks */ = {isa = PBXBuildFile; fileRef = 34C0CCDB175B43B300F8BCED /* Accounts.framework */; settings = {ATTRIBUTES = (Weak, ); }; };
		34C0CCF4175B450400F8BCED /* AppDelegate.m in Sources */ = {isa = PBXBuildFile; fileRef = 34C0CCDF175B450400F8BCED /* AppDelegate.m */; };
		34C0CCFB175B450400F8BCED /* LazyImageView.m in Sources */ = {isa = PBXBuildFile; fileRef = 34C0CCEF175B450400F8BCED /* LazyImageView.m */; };
		34C0CCFC175B450400F8BCED /* invaderzim.jpg in Resources */ = {isa = PBXBuildFile; fileRef = 34C0CCF2175B450400F8BCED /* invaderzim.jpg */; };
		34C0CCFD175B450400F8BCED /* invaderzim_smal.jpg in Resources */ = {isa = PBXBuildFile; fileRef = 34C0CCF3175B450400F8BCED /* invaderzim_smal.jpg */; };
		34C0CD01175B469E00F8BCED /* ViewLoadedFromNib.m in Sources */ = {isa = PBXBuildFile; fileRef = 34C0CD00175B469E00F8BCED /* ViewLoadedFromNib.m */; };
		34C0CD09175B46A800F8BCED /* GalleryItemView.m in Sources */ = {isa = PBXBuildFile; fileRef = 34C0CD04175B46A800F8BCED /* GalleryItemView.m */; };
		34C0CD0A175B46A800F8BCED /* GalleryItemView.xib in Resources */ = {isa = PBXBuildFile; fileRef = 34C0CD05175B46A800F8BCED /* GalleryItemView.xib */; };
		34C0CD0B175B46A800F8BCED /* GalleryViewController.m in Sources */ = {isa = PBXBuildFile; fileRef = 34C0CD07175B46A800F8BCED /* GalleryViewController.m */; };
		34C0CD0C175B46A800F8BCED /* GalleryViewController.xib in Resources */ = {isa = PBXBuildFile; fileRef = 34C0CD08175B46A800F8BCED /* GalleryViewController.xib */; };
		34C0CD14175B4F3200F8BCED /* PhotoFrameItemView.m in Sources */ = {isa = PBXBuildFile; fileRef = 34C0CD0F175B4F3200F8BCED /* PhotoFrameItemView.m */; };
		34C0CD15175B4F3200F8BCED /* PhotoFrameItemView.xib in Resources */ = {isa = PBXBuildFile; fileRef = 34C0CD10175B4F3200F8BCED /* PhotoFrameItemView.xib */; };
		34C0CD16175B4F3200F8BCED /* PhotoFrameViewController.m in Sources */ = {isa = PBXBuildFile; fileRef = 34C0CD12175B4F3200F8BCED /* PhotoFrameViewController.m */; };
		34C0CD17175B4F3200F8BCED /* PhotoFrameViewController.xib in Resources */ = {isa = PBXBuildFile; fileRef = 34C0CD13175B4F3200F8BCED /* PhotoFrameViewController.xib */; };
		34C0CD1B175B53BF00F8BCED /* AppModel.m in Sources */ = {isa = PBXBuildFile; fileRef = 34C0CD1A175B53BF00F8BCED /* AppModel.m */; };
		34D72476175E20890088D3D5 /* AppModel+Parse.m in Sources */ = {isa = PBXBuildFile; fileRef = 34D72475175E20890088D3D5 /* AppModel+Parse.m */; };
		34D72478175E26170088D3D5 /* CoreData.framework in Frameworks */ = {isa = PBXBuildFile; fileRef = 34D72477175E26170088D3D5 /* CoreData.framework */; };
		34D7247C175E26590088D3D5 /* PhotoAndMe.xcdatamodeld in Sources */ = {isa = PBXBuildFile; fileRef = 34D7247A175E26590088D3D5 /* PhotoAndMe.xcdatamodeld */; };
		34D7248B175E2BAA0088D3D5 /* AppModel+CoreData.m in Sources */ = {isa = PBXBuildFile; fileRef = 34D7248A175E2BAA0088D3D5 /* AppModel+CoreData.m */; };
		34E52F0017609D8E006D9DED /* OpenGLES.framework in Frameworks */ = {isa = PBXBuildFile; fileRef = 34E52EFF17609D8E006D9DED /* OpenGLES.framework */; };
		34E52F0317609EBD006D9DED /* texture.png in Resources */ = {isa = PBXBuildFile; fileRef = 34E52F0117609EBD006D9DED /* texture.png */; };
		34E52F0417609EBD006D9DED /* nature.jpeg in Resources */ = {isa = PBXBuildFile; fileRef = 34E52F0217609EBD006D9DED /* nature.jpeg */; };
		34E52F0D17609EC8006D9DED /* EffectGLView.m in Sources */ = {isa = PBXBuildFile; fileRef = 34E52F0817609EC8006D9DED /* EffectGLView.m */; };
		34E52F0E17609EC8006D9DED /* EffectGLViewController.m in Sources */ = {isa = PBXBuildFile; fileRef = 34E52F0A17609EC8006D9DED /* EffectGLViewController.m */; };
		34E52F0F17609EC8006D9DED /* EffectGLViewController.xib in Resources */ = {isa = PBXBuildFile; fileRef = 34E52F0B17609EC8006D9DED /* EffectGLViewController.xib */; };
		34ECED78175A566800B5A17E /* UIKit.framework in Frameworks */ = {isa = PBXBuildFile; fileRef = 34ECED77175A566800B5A17E /* UIKit.framework */; };
		34ECED7A175A566800B5A17E /* Foundation.framework in Frameworks */ = {isa = PBXBuildFile; fileRef = 34ECED79175A566800B5A17E /* Foundation.framework */; };
		34ECED7C175A566800B5A17E /* CoreGraphics.framework in Frameworks */ = {isa = PBXBuildFile; fileRef = 34ECED7B175A566800B5A17E /* CoreGraphics.framework */; };
		34ECED82175A566800B5A17E /* InfoPlist.strings in Resources */ = {isa = PBXBuildFile; fileRef = 34ECED80175A566800B5A17E /* InfoPlist.strings */; };
		34ECED84175A566800B5A17E /* main.m in Sources */ = {isa = PBXBuildFile; fileRef = 34ECED83175A566800B5A17E /* main.m */; };
		34ECED8A175A566900B5A17E /* Default.png in Resources */ = {isa = PBXBuildFile; fileRef = 34ECED89175A566900B5A17E /* Default.png */; };
		34ECED8C175A566900B5A17E /* Default@2x.png in Resources */ = {isa = PBXBuildFile; fileRef = 34ECED8B175A566900B5A17E /* Default@2x.png */; };
		34ECED8E175A566900B5A17E /* Default-568h@2x.png in Resources */ = {isa = PBXBuildFile; fileRef = 34ECED8D175A566900B5A17E /* Default-568h@2x.png */; };
		BDA3A90417A7871800DAC938 /* iPhone_action.png in Resources */ = {isa = PBXBuildFile; fileRef = BDA3A8F317A7871800DAC938 /* iPhone_action.png */; };
		BDA3A90517A7871800DAC938 /* iPhone_action@2x.png in Resources */ = {isa = PBXBuildFile; fileRef = BDA3A8F417A7871800DAC938 /* iPhone_action@2x.png */; };
		BDA3A90617A7871800DAC938 /* iPhone_back.png in Resources */ = {isa = PBXBuildFile; fileRef = BDA3A8F517A7871800DAC938 /* iPhone_back.png */; };
		BDA3A90717A7871800DAC938 /* iPhone_back@2x.png in Resources */ = {isa = PBXBuildFile; fileRef = BDA3A8F617A7871800DAC938 /* iPhone_back@2x.png */; };
		BDA3A90817A7871800DAC938 /* iPhone_bottom_bar.png in Resources */ = {isa = PBXBuildFile; fileRef = BDA3A8F717A7871800DAC938 /* iPhone_bottom_bar.png */; };
		BDA3A90917A7871800DAC938 /* iPhone_left.png in Resources */ = {isa = PBXBuildFile; fileRef = BDA3A8F817A7871800DAC938 /* iPhone_left.png */; };
		BDA3A90A17A7871800DAC938 /* iPhone_left@2x.png in Resources */ = {isa = PBXBuildFile; fileRef = BDA3A8F917A7871800DAC938 /* iPhone_left@2x.png */; };
		BDA3A90B17A7871800DAC938 /* iPhone_left_active.png in Resources */ = {isa = PBXBuildFile; fileRef = BDA3A8FA17A7871800DAC938 /* iPhone_left_active.png */; };
		BDA3A90C17A7871800DAC938 /* iPhone_left_active@2x.png in Resources */ = {isa = PBXBuildFile; fileRef = BDA3A8FB17A7871800DAC938 /* iPhone_left_active@2x.png */; };
		BDA3A90D17A7871800DAC938 /* iPhone_menubar_bg.png in Resources */ = {isa = PBXBuildFile; fileRef = BDA3A8FC17A7871800DAC938 /* iPhone_menubar_bg.png */; };
		BDA3A90E17A7871800DAC938 /* iPhone_menubar_bg@2x.png in Resources */ = {isa = PBXBuildFile; fileRef = BDA3A8FD17A7871800DAC938 /* iPhone_menubar_bg@2x.png */; };
		BDA3A90F17A7871800DAC938 /* iPhone_refresh.png in Resources */ = {isa = PBXBuildFile; fileRef = BDA3A8FE17A7871800DAC938 /* iPhone_refresh.png */; };
		BDA3A91017A7871800DAC938 /* iPhone_refresh@2x.png in Resources */ = {isa = PBXBuildFile; fileRef = BDA3A8FF17A7871800DAC938 /* iPhone_refresh@2x.png */; };
		BDA3A91117A7871800DAC938 /* iPhone_right.png in Resources */ = {isa = PBXBuildFile; fileRef = BDA3A90017A7871800DAC938 /* iPhone_right.png */; };
		BDA3A91217A7871800DAC938 /* iPhone_right@2x.png in Resources */ = {isa = PBXBuildFile; fileRef = BDA3A90117A7871800DAC938 /* iPhone_right@2x.png */; };
		BDA3A91317A7871800DAC938 /* iPhone_right_active.png in Resources */ = {isa = PBXBuildFile; fileRef = BDA3A90217A7871800DAC938 /* iPhone_right_active.png */; };
		BDA3A91417A7871800DAC938 /* iPhone_right_active@2x.png in Resources */ = {isa = PBXBuildFile; fileRef = BDA3A90317A7871800DAC938 /* iPhone_right_active@2x.png */; };
		BDA3A92D17A78C0C00DAC938 /* iPhone_arrow_left.png in Resources */ = {isa = PBXBuildFile; fileRef = BDA3A91517A78BFC00DAC938 /* iPhone_arrow_left.png */; };
		BDA3A92E17A78C0C00DAC938 /* iPhone_arrow_left@2x.png in Resources */ = {isa = PBXBuildFile; fileRef = BDA3A91617A78BFD00DAC938 /* iPhone_arrow_left@2x.png */; };
		BDA3A92F17A78C0C00DAC938 /* iPhone_picture.png in Resources */ = {isa = PBXBuildFile; fileRef = BDA3A91717A78BFE00DAC938 /* iPhone_picture.png */; };
		BDA3A93017A78C0C00DAC938 /* iPhone_picture@2x.png in Resources */ = {isa = PBXBuildFile; fileRef = BDA3A91817A78BFF00DAC938 /* iPhone_picture@2x.png */; };
		BDA3A93117A78C0C00DAC938 /* iPhone_mail.png in Resources */ = {isa = PBXBuildFile; fileRef = BDA3A91917A78BFF00DAC938 /* iPhone_mail.png */; };
		BDA3A93217A78C0C00DAC938 /* iPhone_mail@2x.png in Resources */ = {isa = PBXBuildFile; fileRef = BDA3A91A17A78C0000DAC938 /* iPhone_mail@2x.png */; };
		BDA3A93317A78C0C00DAC938 /* iPhone_info.png in Resources */ = {isa = PBXBuildFile; fileRef = BDA3A91B17A78C0100DAC938 /* iPhone_info.png */; };
		BDA3A93417A78C0C00DAC938 /* iPhone_info@2x.png in Resources */ = {isa = PBXBuildFile; fileRef = BDA3A91C17A78C0100DAC938 /* iPhone_info@2x.png */; };
		BDA3A93517A78C0C00DAC938 /* iPhone_facebook.png in Resources */ = {isa = PBXBuildFile; fileRef = BDA3A91D17A78C0300DAC938 /* iPhone_facebook.png */; };
		BDA3A93617A78C0C00DAC938 /* iPhone_facebook@2x.png in Resources */ = {isa = PBXBuildFile; fileRef = BDA3A91E17A78C0300DAC938 /* iPhone_facebook@2x.png */; };
		BDA3A93717A78C0C00DAC938 /* iPhone_setting.png in Resources */ = {isa = PBXBuildFile; fileRef = BDA3A91F17A78C0400DAC938 /* iPhone_setting.png */; };
		BDA3A93817A78C0C00DAC938 /* iPhone_setting@2x.png in Resources */ = {isa = PBXBuildFile; fileRef = BDA3A92017A78C0400DAC938 /* iPhone_setting@2x.png */; };
		BDA3A93917A78C0C00DAC938 /* iPhone_twitter.png in Resources */ = {isa = PBXBuildFile; fileRef = BDA3A92117A78C0400DAC938 /* iPhone_twitter.png */; };
		BDA3A93A17A78C0C00DAC938 /* iPhone_twitter@2x.png in Resources */ = {isa = PBXBuildFile; fileRef = BDA3A92217A78C0500DAC938 /* iPhone_twitter@2x.png */; };
		BDA3A93B17A78C0C00DAC938 /* iPhone_effect.png in Resources */ = {isa = PBXBuildFile; fileRef = BDA3A92317A78C0500DAC938 /* iPhone_effect.png */; };
		BDA3A93C17A78C0C00DAC938 /* iPhone_effect@2x.png in Resources */ = {isa = PBXBuildFile; fileRef = BDA3A92417A78C0900DAC938 /* iPhone_effect@2x.png */; };
		BDA3A93D17A78C0C00DAC938 /* iPhone_store.png in Resources */ = {isa = PBXBuildFile; fileRef = BDA3A92517A78C0900DAC938 /* iPhone_store.png */; };
		BDA3A93E17A78C0C00DAC938 /* iPhone_store@2x.png in Resources */ = {isa = PBXBuildFile; fileRef = BDA3A92617A78C0900DAC938 /* iPhone_store@2x.png */; };
		BDA3A93F17A78C0C00DAC938 /* iPhone_share.png in Resources */ = {isa = PBXBuildFile; fileRef = BDA3A92717A78C0A00DAC938 /* iPhone_share.png */; };
		BDA3A94017A78C0C00DAC938 /* iPhone_share@2x.png in Resources */ = {isa = PBXBuildFile; fileRef = BDA3A92817A78C0A00DAC938 /* iPhone_share@2x.png */; };
		BDA3A94117A78C0C00DAC938 /* iPhone_save.png in Resources */ = {isa = PBXBuildFile; fileRef = BDA3A92917A78C0A00DAC938 /* iPhone_save.png */; };
		BDA3A94217A78C0C00DAC938 /* iPhone_save@2x.png in Resources */ = {isa = PBXBuildFile; fileRef = BDA3A92A17A78C0B00DAC938 /* iPhone_save@2x.png */; };
		BDA3A94317A78C0C00DAC938 /* iPhone_camera.png in Resources */ = {isa = PBXBuildFile; fileRef = BDA3A92B17A78C0B00DAC938 /* iPhone_camera.png */; };
		BDA3A94417A78C0C00DAC938 /* iPhone_camera@2x.png in Resources */ = {isa = PBXBuildFile; fileRef = BDA3A92C17A78C0B00DAC938 /* iPhone_camera@2x.png */; };
		BDA3A94917A7985000DAC938 /* iphone_pull-arrow.png in Resources */ = {isa = PBXBuildFile; fileRef = BDA3A94817A7984F00DAC938 /* iphone_pull-arrow.png */; };
		BDA3A94A17A798E500DAC938 /* PullRefreshTableViewController.h in Sources */ = {isa = PBXBuildFile; fileRef = BDA3A94617A7982900DAC938 /* PullRefreshTableViewController.h */; };
		BDA3A94B17A798E500DAC938 /* PullRefreshTableViewController.m in Sources */ = {isa = PBXBuildFile; fileRef = BDA3A94717A7982A00DAC938 /* PullRefreshTableViewController.m */; };
/* End PBXBuildFile section */

/* Begin PBXFileReference section */
		340519D51761B90900FABD9B /* Category.h */ = {isa = PBXFileReference; fileEncoding = 4; lastKnownFileType = sourcecode.c.h; path = Category.h; sourceTree = "<group>"; };
		340519D61761B90900FABD9B /* Category.m */ = {isa = PBXFileReference; fileEncoding = 4; lastKnownFileType = sourcecode.c.objc; path = Category.m; sourceTree = "<group>"; };
		340519D81761B90A00FABD9B /* PhotoFrame.h */ = {isa = PBXFileReference; fileEncoding = 4; lastKnownFileType = sourcecode.c.h; path = PhotoFrame.h; sourceTree = "<group>"; };
		340519D91761B90A00FABD9B /* PhotoFrame.m */ = {isa = PBXFileReference; fileEncoding = 4; lastKnownFileType = sourcecode.c.objc; path = PhotoFrame.m; sourceTree = "<group>"; };
		340519DB1762131900FABD9B /* PhotoAndMe.sqlite */ = {isa = PBXFileReference; lastKnownFileType = file; path = PhotoAndMe.sqlite; sourceTree = "<group>"; };
		3422C3481768DB620058D2B2 /* NSData+GIF.h */ = {isa = PBXFileReference; fileEncoding = 4; lastKnownFileType = sourcecode.c.h; path = "NSData+GIF.h"; sourceTree = "<group>"; };
		3422C3491768DB620058D2B2 /* NSData+GIF.m */ = {isa = PBXFileReference; fileEncoding = 4; lastKnownFileType = sourcecode.c.objc; path = "NSData+GIF.m"; sourceTree = "<group>"; };
		3422C34A1768DB620058D2B2 /* SDImageCache.h */ = {isa = PBXFileReference; fileEncoding = 4; lastKnownFileType = sourcecode.c.h; path = SDImageCache.h; sourceTree = "<group>"; };
		3422C34B1768DB620058D2B2 /* SDImageCache.m */ = {isa = PBXFileReference; fileEncoding = 4; lastKnownFileType = sourcecode.c.objc; path = SDImageCache.m; sourceTree = "<group>"; };
		3422C34C1768DB620058D2B2 /* SDWebImageCompat.h */ = {isa = PBXFileReference; fileEncoding = 4; lastKnownFileType = sourcecode.c.h; path = SDWebImageCompat.h; sourceTree = "<group>"; };
		3422C34D1768DB620058D2B2 /* SDWebImageCompat.m */ = {isa = PBXFileReference; fileEncoding = 4; lastKnownFileType = sourcecode.c.objc; path = SDWebImageCompat.m; sourceTree = "<group>"; };
		3422C34E1768DB620058D2B2 /* SDWebImageDecoder.h */ = {isa = PBXFileReference; fileEncoding = 4; lastKnownFileType = sourcecode.c.h; path = SDWebImageDecoder.h; sourceTree = "<group>"; };
		3422C34F1768DB620058D2B2 /* SDWebImageDecoder.m */ = {isa = PBXFileReference; fileEncoding = 4; lastKnownFileType = sourcecode.c.objc; path = SDWebImageDecoder.m; sourceTree = "<group>"; };
		3422C3501768DB620058D2B2 /* SDWebImageDownloader.h */ = {isa = PBXFileReference; fileEncoding = 4; lastKnownFileType = sourcecode.c.h; path = SDWebImageDownloader.h; sourceTree = "<group>"; };
		3422C3511768DB620058D2B2 /* SDWebImageDownloader.m */ = {isa = PBXFileReference; fileEncoding = 4; lastKnownFileType = sourcecode.c.objc; path = SDWebImageDownloader.m; sourceTree = "<group>"; };
		3422C3521768DB620058D2B2 /* SDWebImageDownloaderOperation.h */ = {isa = PBXFileReference; fileEncoding = 4; lastKnownFileType = sourcecode.c.h; path = SDWebImageDownloaderOperation.h; sourceTree = "<group>"; };
		3422C3531768DB620058D2B2 /* SDWebImageDownloaderOperation.m */ = {isa = PBXFileReference; fileEncoding = 4; lastKnownFileType = sourcecode.c.objc; path = SDWebImageDownloaderOperation.m; sourceTree = "<group>"; };
		3422C3541768DB620058D2B2 /* SDWebImageManager.h */ = {isa = PBXFileReference; fileEncoding = 4; lastKnownFileType = sourcecode.c.h; path = SDWebImageManager.h; sourceTree = "<group>"; };
		3422C3551768DB620058D2B2 /* SDWebImageManager.m */ = {isa = PBXFileReference; fileEncoding = 4; lastKnownFileType = sourcecode.c.objc; path = SDWebImageManager.m; sourceTree = "<group>"; };
		3422C3561768DB620058D2B2 /* SDWebImageOperation.h */ = {isa = PBXFileReference; fileEncoding = 4; lastKnownFileType = sourcecode.c.h; path = SDWebImageOperation.h; sourceTree = "<group>"; };
		3422C3571768DB620058D2B2 /* SDWebImagePrefetcher.h */ = {isa = PBXFileReference; fileEncoding = 4; lastKnownFileType = sourcecode.c.h; path = SDWebImagePrefetcher.h; sourceTree = "<group>"; };
		3422C3581768DB620058D2B2 /* SDWebImagePrefetcher.m */ = {isa = PBXFileReference; fileEncoding = 4; lastKnownFileType = sourcecode.c.objc; path = SDWebImagePrefetcher.m; sourceTree = "<group>"; };
		3422C3591768DB620058D2B2 /* UIButton+WebCache.h */ = {isa = PBXFileReference; fileEncoding = 4; lastKnownFileType = sourcecode.c.h; path = "UIButton+WebCache.h"; sourceTree = "<group>"; };
		3422C35A1768DB620058D2B2 /* UIButton+WebCache.m */ = {isa = PBXFileReference; fileEncoding = 4; lastKnownFileType = sourcecode.c.objc; path = "UIButton+WebCache.m"; sourceTree = "<group>"; };
		3422C35B1768DB620058D2B2 /* UIImage+GIF.h */ = {isa = PBXFileReference; fileEncoding = 4; lastKnownFileType = sourcecode.c.h; path = "UIImage+GIF.h"; sourceTree = "<group>"; };
		3422C35C1768DB620058D2B2 /* UIImage+GIF.m */ = {isa = PBXFileReference; fileEncoding = 4; lastKnownFileType = sourcecode.c.objc; path = "UIImage+GIF.m"; sourceTree = "<group>"; };
		3422C35D1768DB620058D2B2 /* UIImage+MultiFormat.h */ = {isa = PBXFileReference; fileEncoding = 4; lastKnownFileType = sourcecode.c.h; path = "UIImage+MultiFormat.h"; sourceTree = "<group>"; };
		3422C35E1768DB620058D2B2 /* UIImage+MultiFormat.m */ = {isa = PBXFileReference; fileEncoding = 4; lastKnownFileType = sourcecode.c.objc; path = "UIImage+MultiFormat.m"; sourceTree = "<group>"; };
		3422C35F1768DB620058D2B2 /* UIImage+WebP.h */ = {isa = PBXFileReference; fileEncoding = 4; lastKnownFileType = sourcecode.c.h; path = "UIImage+WebP.h"; sourceTree = "<group>"; };
		3422C3601768DB620058D2B2 /* UIImage+WebP.m */ = {isa = PBXFileReference; fileEncoding = 4; lastKnownFileType = sourcecode.c.objc; path = "UIImage+WebP.m"; sourceTree = "<group>"; };
		3422C3611768DB620058D2B2 /* UIImageView+WebCache.h */ = {isa = PBXFileReference; fileEncoding = 4; lastKnownFileType = sourcecode.c.h; path = "UIImageView+WebCache.h"; sourceTree = "<group>"; };
		3422C3621768DB620058D2B2 /* UIImageView+WebCache.m */ = {isa = PBXFileReference; fileEncoding = 4; lastKnownFileType = sourcecode.c.objc; path = "UIImageView+WebCache.m"; sourceTree = "<group>"; };
		3422C3711768DC200058D2B2 /* ImageIO.framework */ = {isa = PBXFileReference; lastKnownFileType = wrapper.framework; name = ImageIO.framework; path = System/Library/Frameworks/ImageIO.framework; sourceTree = SDKROOT; };
		3422C3741768E24C0058D2B2 /* 14de077dc1b38d37b2d12ae9ac97c24c */ = {isa = PBXFileReference; lastKnownFileType = file; path = 14de077dc1b38d37b2d12ae9ac97c24c; sourceTree = "<group>"; };
		3422C3751768E24C0058D2B2 /* 36bb55bef261b5b00ee75d37d6b34ee6 */ = {isa = PBXFileReference; lastKnownFileType = file; path = 36bb55bef261b5b00ee75d37d6b34ee6; sourceTree = "<group>"; };
		3422C3761768E24C0058D2B2 /* 95262f16ec3755b08e360dfc227dc753 */ = {isa = PBXFileReference; lastKnownFileType = file; path = 95262f16ec3755b08e360dfc227dc753; sourceTree = "<group>"; };
		3422C3771768E24C0058D2B2 /* d4a8e578f9a538a016eaafb44102d16c */ = {isa = PBXFileReference; lastKnownFileType = file; path = d4a8e578f9a538a016eaafb44102d16c; sourceTree = "<group>"; };
		3422C3781768E24C0058D2B2 /* ef64b6d04ae10435c16afbfca1c389fd */ = {isa = PBXFileReference; lastKnownFileType = file; path = ef64b6d04ae10435c16afbfca1c389fd; sourceTree = "<group>"; };
		3422C3801768E4110058D2B2 /* 14de077dc1b38d37b2d12ae9ac97c24c */ = {isa = PBXFileReference; lastKnownFileType = file; path = 14de077dc1b38d37b2d12ae9ac97c24c; sourceTree = "<group>"; };
		3422C3811768E4110058D2B2 /* 36bb55bef261b5b00ee75d37d6b34ee6 */ = {isa = PBXFileReference; lastKnownFileType = file; path = 36bb55bef261b5b00ee75d37d6b34ee6; sourceTree = "<group>"; };
		3422C3821768E4110058D2B2 /* 95262f16ec3755b08e360dfc227dc753 */ = {isa = PBXFileReference; lastKnownFileType = file; path = 95262f16ec3755b08e360dfc227dc753; sourceTree = "<group>"; };
		3422C3831768E4110058D2B2 /* d4a8e578f9a538a016eaafb44102d16c */ = {isa = PBXFileReference; lastKnownFileType = file; path = d4a8e578f9a538a016eaafb44102d16c; sourceTree = "<group>"; };
		3422C3841768E4110058D2B2 /* ef64b6d04ae10435c16afbfca1c389fd */ = {isa = PBXFileReference; lastKnownFileType = file; path = ef64b6d04ae10435c16afbfca1c389fd; sourceTree = "<group>"; };
		3422C3851768E4470058D2B2 /* PreloadImageSystem */ = {isa = PBXFileReference; lastKnownFileType = folder; name = PreloadImageSystem; path = PhotoAndMe/Media/PreloadImageSystem; sourceTree = "<group>"; };
		3426DCB2176A04CD00CB5FEA /* AddCategoryViewController.h */ = {isa = PBXFileReference; fileEncoding = 4; lastKnownFileType = sourcecode.c.h; path = AddCategoryViewController.h; sourceTree = "<group>"; };
		3426DCB3176A04CD00CB5FEA /* AddCategoryViewController.m */ = {isa = PBXFileReference; fileEncoding = 4; lastKnownFileType = sourcecode.c.objc; path = AddCategoryViewController.m; sourceTree = "<group>"; };
		3426DCB4176A04CD00CB5FEA /* AddCategoryViewController.xib */ = {isa = PBXFileReference; fileEncoding = 4; lastKnownFileType = file.xib; path = AddCategoryViewController.xib; sourceTree = "<group>"; };
		34C0CCC3175B42CA00F8BCED /* Parse.framework */ = {isa = PBXFileReference; lastKnownFileType = wrapper.framework; path = Parse.framework; sourceTree = "<group>"; };
		34C0CCC5175B42E400F8BCED /* AudioToolbox.framework */ = {isa = PBXFileReference; lastKnownFileType = wrapper.framework; name = AudioToolbox.framework; path = System/Library/Frameworks/AudioToolbox.framework; sourceTree = SDKROOT; };
		34C0CCC7175B42ED00F8BCED /* CFNetwork.framework */ = {isa = PBXFileReference; lastKnownFileType = wrapper.framework; name = CFNetwork.framework; path = System/Library/Frameworks/CFNetwork.framework; sourceTree = SDKROOT; };
		34C0CCC9175B42F600F8BCED /* CoreLocation.framework */ = {isa = PBXFileReference; lastKnownFileType = wrapper.framework; name = CoreLocation.framework; path = System/Library/Frameworks/CoreLocation.framework; sourceTree = SDKROOT; };
		34C0CCCB175B42FD00F8BCED /* libz.1.1.3.dylib */ = {isa = PBXFileReference; lastKnownFileType = "compiled.mach-o.dylib"; name = libz.1.1.3.dylib; path = usr/lib/libz.1.1.3.dylib; sourceTree = SDKROOT; };
		34C0CCCD175B430300F8BCED /* MobileCoreServices.framework */ = {isa = PBXFileReference; lastKnownFileType = wrapper.framework; name = MobileCoreServices.framework; path = System/Library/Frameworks/MobileCoreServices.framework; sourceTree = SDKROOT; };
		34C0CCCF175B430A00F8BCED /* QuartzCore.framework */ = {isa = PBXFileReference; lastKnownFileType = wrapper.framework; name = QuartzCore.framework; path = System/Library/Frameworks/QuartzCore.framework; sourceTree = SDKROOT; };
		34C0CCD1175B431000F8BCED /* Security.framework */ = {isa = PBXFileReference; lastKnownFileType = wrapper.framework; name = Security.framework; path = System/Library/Frameworks/Security.framework; sourceTree = SDKROOT; };
		34C0CCD3175B431600F8BCED /* StoreKit.framework */ = {isa = PBXFileReference; lastKnownFileType = wrapper.framework; name = StoreKit.framework; path = System/Library/Frameworks/StoreKit.framework; sourceTree = SDKROOT; };
		34C0CCD5175B431C00F8BCED /* SystemConfiguration.framework */ = {isa = PBXFileReference; lastKnownFileType = wrapper.framework; name = SystemConfiguration.framework; path = System/Library/Frameworks/SystemConfiguration.framework; sourceTree = SDKROOT; };
		34C0CCD7175B439C00F8BCED /* AdSupport.framework */ = {isa = PBXFileReference; lastKnownFileType = wrapper.framework; name = AdSupport.framework; path = System/Library/Frameworks/AdSupport.framework; sourceTree = SDKROOT; };
		34C0CCD9175B43A800F8BCED /* Social.framework */ = {isa = PBXFileReference; lastKnownFileType = wrapper.framework; name = Social.framework; path = System/Library/Frameworks/Social.framework; sourceTree = SDKROOT; };
		34C0CCDB175B43B300F8BCED /* Accounts.framework */ = {isa = PBXFileReference; lastKnownFileType = wrapper.framework; name = Accounts.framework; path = System/Library/Frameworks/Accounts.framework; sourceTree = SDKROOT; };
		34C0CCDE175B450400F8BCED /* AppDelegate.h */ = {isa = PBXFileReference; fileEncoding = 4; lastKnownFileType = sourcecode.c.h; path = AppDelegate.h; sourceTree = "<group>"; };
		34C0CCDF175B450400F8BCED /* AppDelegate.m */ = {isa = PBXFileReference; fileEncoding = 4; lastKnownFileType = sourcecode.c.objc; path = AppDelegate.m; sourceTree = "<group>"; };
		34C0CCEE175B450400F8BCED /* LazyImageView.h */ = {isa = PBXFileReference; fileEncoding = 4; lastKnownFileType = sourcecode.c.h; path = LazyImageView.h; sourceTree = "<group>"; };
		34C0CCEF175B450400F8BCED /* LazyImageView.m */ = {isa = PBXFileReference; fileEncoding = 4; lastKnownFileType = sourcecode.c.objc; path = LazyImageView.m; sourceTree = "<group>"; };
		34C0CCF2175B450400F8BCED /* invaderzim.jpg */ = {isa = PBXFileReference; lastKnownFileType = image.jpeg; path = invaderzim.jpg; sourceTree = "<group>"; };
		34C0CCF3175B450400F8BCED /* invaderzim_smal.jpg */ = {isa = PBXFileReference; lastKnownFileType = image.jpeg; path = invaderzim_smal.jpg; sourceTree = "<group>"; };
		34C0CCFF175B469E00F8BCED /* ViewLoadedFromNib.h */ = {isa = PBXFileReference; fileEncoding = 4; lastKnownFileType = sourcecode.c.h; path = ViewLoadedFromNib.h; sourceTree = "<group>"; };
		34C0CD00175B469E00F8BCED /* ViewLoadedFromNib.m */ = {isa = PBXFileReference; fileEncoding = 4; lastKnownFileType = sourcecode.c.objc; path = ViewLoadedFromNib.m; sourceTree = "<group>"; };
		34C0CD03175B46A800F8BCED /* GalleryItemView.h */ = {isa = PBXFileReference; fileEncoding = 4; lastKnownFileType = sourcecode.c.h; path = GalleryItemView.h; sourceTree = "<group>"; };
		34C0CD04175B46A800F8BCED /* GalleryItemView.m */ = {isa = PBXFileReference; fileEncoding = 4; lastKnownFileType = sourcecode.c.objc; path = GalleryItemView.m; sourceTree = "<group>"; };
		34C0CD05175B46A800F8BCED /* GalleryItemView.xib */ = {isa = PBXFileReference; fileEncoding = 4; lastKnownFileType = file.xib; path = GalleryItemView.xib; sourceTree = "<group>"; };
		34C0CD06175B46A800F8BCED /* GalleryViewController.h */ = {isa = PBXFileReference; fileEncoding = 4; lastKnownFileType = sourcecode.c.h; path = GalleryViewController.h; sourceTree = "<group>"; };
		34C0CD07175B46A800F8BCED /* GalleryViewController.m */ = {isa = PBXFileReference; fileEncoding = 4; lastKnownFileType = sourcecode.c.objc; path = GalleryViewController.m; sourceTree = "<group>"; };
		34C0CD08175B46A800F8BCED /* GalleryViewController.xib */ = {isa = PBXFileReference; fileEncoding = 4; lastKnownFileType = file.xib; path = GalleryViewController.xib; sourceTree = "<group>"; };
		34C0CD0E175B4F3200F8BCED /* PhotoFrameItemView.h */ = {isa = PBXFileReference; fileEncoding = 4; lastKnownFileType = sourcecode.c.h; path = PhotoFrameItemView.h; sourceTree = "<group>"; };
		34C0CD0F175B4F3200F8BCED /* PhotoFrameItemView.m */ = {isa = PBXFileReference; fileEncoding = 4; lastKnownFileType = sourcecode.c.objc; path = PhotoFrameItemView.m; sourceTree = "<group>"; };
		34C0CD10175B4F3200F8BCED /* PhotoFrameItemView.xib */ = {isa = PBXFileReference; fileEncoding = 4; lastKnownFileType = file.xib; path = PhotoFrameItemView.xib; sourceTree = "<group>"; };
		34C0CD11175B4F3200F8BCED /* PhotoFrameViewController.h */ = {isa = PBXFileReference; fileEncoding = 4; lastKnownFileType = sourcecode.c.h; path = PhotoFrameViewController.h; sourceTree = "<group>"; };
		34C0CD12175B4F3200F8BCED /* PhotoFrameViewController.m */ = {isa = PBXFileReference; fileEncoding = 4; lastKnownFileType = sourcecode.c.objc; path = PhotoFrameViewController.m; sourceTree = "<group>"; };
		34C0CD13175B4F3200F8BCED /* PhotoFrameViewController.xib */ = {isa = PBXFileReference; fileEncoding = 4; lastKnownFileType = file.xib; path = PhotoFrameViewController.xib; sourceTree = "<group>"; };
		34C0CD19175B53BF00F8BCED /* AppModel.h */ = {isa = PBXFileReference; fileEncoding = 4; lastKnownFileType = sourcecode.c.h; path = AppModel.h; sourceTree = "<group>"; };
		34C0CD1A175B53BF00F8BCED /* AppModel.m */ = {isa = PBXFileReference; fileEncoding = 4; lastKnownFileType = sourcecode.c.objc; path = AppModel.m; sourceTree = "<group>"; };
		34D72474175E20890088D3D5 /* AppModel+Parse.h */ = {isa = PBXFileReference; fileEncoding = 4; lastKnownFileType = sourcecode.c.h; path = "AppModel+Parse.h"; sourceTree = "<group>"; };
		34D72475175E20890088D3D5 /* AppModel+Parse.m */ = {isa = PBXFileReference; fileEncoding = 4; lastKnownFileType = sourcecode.c.objc; path = "AppModel+Parse.m"; sourceTree = "<group>"; };
		34D72477175E26170088D3D5 /* CoreData.framework */ = {isa = PBXFileReference; lastKnownFileType = wrapper.framework; name = CoreData.framework; path = System/Library/Frameworks/CoreData.framework; sourceTree = SDKROOT; };
		34D7247B175E26590088D3D5 /* PhotoAndMe.xcdatamodel */ = {isa = PBXFileReference; lastKnownFileType = wrapper.xcdatamodel; path = PhotoAndMe.xcdatamodel; sourceTree = "<group>"; };
		34D72489175E2BAA0088D3D5 /* AppModel+CoreData.h */ = {isa = PBXFileReference; fileEncoding = 4; lastKnownFileType = sourcecode.c.h; path = "AppModel+CoreData.h"; sourceTree = "<group>"; };
		34D7248A175E2BAA0088D3D5 /* AppModel+CoreData.m */ = {isa = PBXFileReference; fileEncoding = 4; lastKnownFileType = sourcecode.c.objc; path = "AppModel+CoreData.m"; sourceTree = "<group>"; };
		34E52EFF17609D8E006D9DED /* OpenGLES.framework */ = {isa = PBXFileReference; lastKnownFileType = wrapper.framework; name = OpenGLES.framework; path = System/Library/Frameworks/OpenGLES.framework; sourceTree = SDKROOT; };
		34E52F0117609EBD006D9DED /* texture.png */ = {isa = PBXFileReference; lastKnownFileType = image.png; path = texture.png; sourceTree = "<group>"; };
		34E52F0217609EBD006D9DED /* nature.jpeg */ = {isa = PBXFileReference; lastKnownFileType = image.jpeg; path = nature.jpeg; sourceTree = "<group>"; };
		34E52F0617609EC8006D9DED /* ConstantsAndMacros.h */ = {isa = PBXFileReference; fileEncoding = 4; lastKnownFileType = sourcecode.c.h; path = ConstantsAndMacros.h; sourceTree = "<group>"; };
		34E52F0717609EC8006D9DED /* EffectGLView.h */ = {isa = PBXFileReference; fileEncoding = 4; lastKnownFileType = sourcecode.c.h; path = EffectGLView.h; sourceTree = "<group>"; };
		34E52F0817609EC8006D9DED /* EffectGLView.m */ = {isa = PBXFileReference; fileEncoding = 4; lastKnownFileType = sourcecode.c.objc; path = EffectGLView.m; sourceTree = "<group>"; };
		34E52F0917609EC8006D9DED /* EffectGLViewController.h */ = {isa = PBXFileReference; fileEncoding = 4; lastKnownFileType = sourcecode.c.h; path = EffectGLViewController.h; sourceTree = "<group>"; };
		34E52F0A17609EC8006D9DED /* EffectGLViewController.m */ = {isa = PBXFileReference; fileEncoding = 4; lastKnownFileType = sourcecode.c.objc; path = EffectGLViewController.m; sourceTree = "<group>"; };
		34E52F0B17609EC8006D9DED /* EffectGLViewController.xib */ = {isa = PBXFileReference; fileEncoding = 4; lastKnownFileType = file.xib; path = EffectGLViewController.xib; sourceTree = "<group>"; };
		34E52F0C17609EC8006D9DED /* OpenGLCommon.h */ = {isa = PBXFileReference; fileEncoding = 4; lastKnownFileType = sourcecode.c.h; path = OpenGLCommon.h; sourceTree = "<group>"; };
		34ECED74175A566800B5A17E /* PhotoAndMe.app */ = {isa = PBXFileReference; explicitFileType = wrapper.application; includeInIndex = 0; path = PhotoAndMe.app; sourceTree = BUILT_PRODUCTS_DIR; };
		34ECED77175A566800B5A17E /* UIKit.framework */ = {isa = PBXFileReference; lastKnownFileType = wrapper.framework; name = UIKit.framework; path = System/Library/Frameworks/UIKit.framework; sourceTree = SDKROOT; };
		34ECED79175A566800B5A17E /* Foundation.framework */ = {isa = PBXFileReference; lastKnownFileType = wrapper.framework; name = Foundation.framework; path = System/Library/Frameworks/Foundation.framework; sourceTree = SDKROOT; };
		34ECED7B175A566800B5A17E /* CoreGraphics.framework */ = {isa = PBXFileReference; lastKnownFileType = wrapper.framework; name = CoreGraphics.framework; path = System/Library/Frameworks/CoreGraphics.framework; sourceTree = SDKROOT; };
		34ECED7F175A566800B5A17E /* PhotoAndMe-Info.plist */ = {isa = PBXFileReference; lastKnownFileType = text.plist.xml; path = "PhotoAndMe-Info.plist"; sourceTree = "<group>"; };
		34ECED81175A566800B5A17E /* en */ = {isa = PBXFileReference; lastKnownFileType = text.plist.strings; name = en; path = en.lproj/InfoPlist.strings; sourceTree = "<group>"; };
		34ECED83175A566800B5A17E /* main.m */ = {isa = PBXFileReference; lastKnownFileType = sourcecode.c.objc; path = main.m; sourceTree = "<group>"; };
		34ECED85175A566800B5A17E /* PhotoAndMe-Prefix.pch */ = {isa = PBXFileReference; lastKnownFileType = sourcecode.c.h; path = "PhotoAndMe-Prefix.pch"; sourceTree = "<group>"; };
		34ECED89175A566900B5A17E /* Default.png */ = {isa = PBXFileReference; lastKnownFileType = image.png; path = Default.png; sourceTree = "<group>"; };
		34ECED8B175A566900B5A17E /* Default@2x.png */ = {isa = PBXFileReference; lastKnownFileType = image.png; path = "Default@2x.png"; sourceTree = "<group>"; };
		34ECED8D175A566900B5A17E /* Default-568h@2x.png */ = {isa = PBXFileReference; lastKnownFileType = image.png; path = "Default-568h@2x.png"; sourceTree = "<group>"; };
		BDA3A8F317A7871800DAC938 /* iPhone_action.png */ = {isa = PBXFileReference; lastKnownFileType = image.png; path = iPhone_action.png; sourceTree = "<group>"; };
		BDA3A8F417A7871800DAC938 /* iPhone_action@2x.png */ = {isa = PBXFileReference; lastKnownFileType = image.png; path = "iPhone_action@2x.png"; sourceTree = "<group>"; };
		BDA3A8F517A7871800DAC938 /* iPhone_back.png */ = {isa = PBXFileReference; lastKnownFileType = image.png; path = iPhone_back.png; sourceTree = "<group>"; };
		BDA3A8F617A7871800DAC938 /* iPhone_back@2x.png */ = {isa = PBXFileReference; lastKnownFileType = image.png; path = "iPhone_back@2x.png"; sourceTree = "<group>"; };
		BDA3A8F717A7871800DAC938 /* iPhone_bottom_bar.png */ = {isa = PBXFileReference; lastKnownFileType = image.png; path = iPhone_bottom_bar.png; sourceTree = "<group>"; };
		BDA3A8F817A7871800DAC938 /* iPhone_left.png */ = {isa = PBXFileReference; lastKnownFileType = image.png; path = iPhone_left.png; sourceTree = "<group>"; };
		BDA3A8F917A7871800DAC938 /* iPhone_left@2x.png */ = {isa = PBXFileReference; lastKnownFileType = image.png; path = "iPhone_left@2x.png"; sourceTree = "<group>"; };
		BDA3A8FA17A7871800DAC938 /* iPhone_left_active.png */ = {isa = PBXFileReference; lastKnownFileType = image.png; path = iPhone_left_active.png; sourceTree = "<group>"; };
		BDA3A8FB17A7871800DAC938 /* iPhone_left_active@2x.png */ = {isa = PBXFileReference; lastKnownFileType = image.png; path = "iPhone_left_active@2x.png"; sourceTree = "<group>"; };
		BDA3A8FC17A7871800DAC938 /* iPhone_menubar_bg.png */ = {isa = PBXFileReference; lastKnownFileType = image.png; path = iPhone_menubar_bg.png; sourceTree = "<group>"; };
		BDA3A8FD17A7871800DAC938 /* iPhone_menubar_bg@2x.png */ = {isa = PBXFileReference; lastKnownFileType = image.png; path = "iPhone_menubar_bg@2x.png"; sourceTree = "<group>"; };
		BDA3A8FE17A7871800DAC938 /* iPhone_refresh.png */ = {isa = PBXFileReference; lastKnownFileType = image.png; path = iPhone_refresh.png; sourceTree = "<group>"; };
		BDA3A8FF17A7871800DAC938 /* iPhone_refresh@2x.png */ = {isa = PBXFileReference; lastKnownFileType = image.png; path = "iPhone_refresh@2x.png"; sourceTree = "<group>"; };
		BDA3A90017A7871800DAC938 /* iPhone_right.png */ = {isa = PBXFileReference; lastKnownFileType = image.png; path = iPhone_right.png; sourceTree = "<group>"; };
		BDA3A90117A7871800DAC938 /* iPhone_right@2x.png */ = {isa = PBXFileReference; lastKnownFileType = image.png; path = "iPhone_right@2x.png"; sourceTree = "<group>"; };
		BDA3A90217A7871800DAC938 /* iPhone_right_active.png */ = {isa = PBXFileReference; lastKnownFileType = image.png; path = iPhone_right_active.png; sourceTree = "<group>"; };
		BDA3A90317A7871800DAC938 /* iPhone_right_active@2x.png */ = {isa = PBXFileReference; lastKnownFileType = image.png; path = "iPhone_right_active@2x.png"; sourceTree = "<group>"; };
		BDA3A91517A78BFC00DAC938 /* iPhone_arrow_left.png */ = {isa = PBXFileReference; lastKnownFileType = image.png; path = iPhone_arrow_left.png; sourceTree = "<group>"; };
		BDA3A91617A78BFD00DAC938 /* iPhone_arrow_left@2x.png */ = {isa = PBXFileReference; lastKnownFileType = image.png; path = "iPhone_arrow_left@2x.png"; sourceTree = "<group>"; };
		BDA3A91717A78BFE00DAC938 /* iPhone_picture.png */ = {isa = PBXFileReference; lastKnownFileType = image.png; path = iPhone_picture.png; sourceTree = "<group>"; };
		BDA3A91817A78BFF00DAC938 /* iPhone_picture@2x.png */ = {isa = PBXFileReference; lastKnownFileType = image.png; path = "iPhone_picture@2x.png"; sourceTree = "<group>"; };
		BDA3A91917A78BFF00DAC938 /* iPhone_mail.png */ = {isa = PBXFileReference; lastKnownFileType = image.png; path = iPhone_mail.png; sourceTree = "<group>"; };
		BDA3A91A17A78C0000DAC938 /* iPhone_mail@2x.png */ = {isa = PBXFileReference; lastKnownFileType = image.png; path = "iPhone_mail@2x.png"; sourceTree = "<group>"; };
		BDA3A91B17A78C0100DAC938 /* iPhone_info.png */ = {isa = PBXFileReference; lastKnownFileType = image.png; path = iPhone_info.png; sourceTree = "<group>"; };
		BDA3A91C17A78C0100DAC938 /* iPhone_info@2x.png */ = {isa = PBXFileReference; lastKnownFileType = image.png; path = "iPhone_info@2x.png"; sourceTree = "<group>"; };
		BDA3A91D17A78C0300DAC938 /* iPhone_facebook.png */ = {isa = PBXFileReference; lastKnownFileType = image.png; path = iPhone_facebook.png; sourceTree = "<group>"; };
		BDA3A91E17A78C0300DAC938 /* iPhone_facebook@2x.png */ = {isa = PBXFileReference; lastKnownFileType = image.png; path = "iPhone_facebook@2x.png"; sourceTree = "<group>"; };
		BDA3A91F17A78C0400DAC938 /* iPhone_setting.png */ = {isa = PBXFileReference; lastKnownFileType = image.png; path = iPhone_setting.png; sourceTree = "<group>"; };
		BDA3A92017A78C0400DAC938 /* iPhone_setting@2x.png */ = {isa = PBXFileReference; lastKnownFileType = image.png; path = "iPhone_setting@2x.png"; sourceTree = "<group>"; };
		BDA3A92117A78C0400DAC938 /* iPhone_twitter.png */ = {isa = PBXFileReference; lastKnownFileType = image.png; path = iPhone_twitter.png; sourceTree = "<group>"; };
		BDA3A92217A78C0500DAC938 /* iPhone_twitter@2x.png */ = {isa = PBXFileReference; lastKnownFileType = image.png; path = "iPhone_twitter@2x.png"; sourceTree = "<group>"; };
		BDA3A92317A78C0500DAC938 /* iPhone_effect.png */ = {isa = PBXFileReference; lastKnownFileType = image.png; path = iPhone_effect.png; sourceTree = "<group>"; };
		BDA3A92417A78C0900DAC938 /* iPhone_effect@2x.png */ = {isa = PBXFileReference; lastKnownFileType = image.png; path = "iPhone_effect@2x.png"; sourceTree = "<group>"; };
		BDA3A92517A78C0900DAC938 /* iPhone_store.png */ = {isa = PBXFileReference; lastKnownFileType = image.png; path = iPhone_store.png; sourceTree = "<group>"; };
		BDA3A92617A78C0900DAC938 /* iPhone_store@2x.png */ = {isa = PBXFileReference; lastKnownFileType = image.png; path = "iPhone_store@2x.png"; sourceTree = "<group>"; };
		BDA3A92717A78C0A00DAC938 /* iPhone_share.png */ = {isa = PBXFileReference; lastKnownFileType = image.png; path = iPhone_share.png; sourceTree = "<group>"; };
		BDA3A92817A78C0A00DAC938 /* iPhone_share@2x.png */ = {isa = PBXFileReference; lastKnownFileType = image.png; path = "iPhone_share@2x.png"; sourceTree = "<group>"; };
		BDA3A92917A78C0A00DAC938 /* iPhone_save.png */ = {isa = PBXFileReference; lastKnownFileType = image.png; path = iPhone_save.png; sourceTree = "<group>"; };
		BDA3A92A17A78C0B00DAC938 /* iPhone_save@2x.png */ = {isa = PBXFileReference; lastKnownFileType = image.png; path = "iPhone_save@2x.png"; sourceTree = "<group>"; };
		BDA3A92B17A78C0B00DAC938 /* iPhone_camera.png */ = {isa = PBXFileReference; lastKnownFileType = image.png; path = iPhone_camera.png; sourceTree = "<group>"; };
		BDA3A92C17A78C0B00DAC938 /* iPhone_camera@2x.png */ = {isa = PBXFileReference; lastKnownFileType = image.png; path = "iPhone_camera@2x.png"; sourceTree = "<group>"; };
		BDA3A94617A7982900DAC938 /* PullRefreshTableViewController.h */ = {isa = PBXFileReference; lastKnownFileType = sourcecode.c.h; path = PullRefreshTableViewController.h; sourceTree = "<group>"; };
		BDA3A94717A7982A00DAC938 /* PullRefreshTableViewController.m */ = {isa = PBXFileReference; lastKnownFileType = sourcecode.c.objc; path = PullRefreshTableViewController.m; sourceTree = "<group>"; };
		BDA3A94817A7984F00DAC938 /* iphone_pull-arrow.png */ = {isa = PBXFileReference; lastKnownFileType = image.png; path = "iphone_pull-arrow.png"; sourceTree = "<group>"; };
/* End PBXFileReference section */

/* Begin PBXFrameworksBuildPhase section */
		34ECED71175A566800B5A17E /* Frameworks */ = {
			isa = PBXFrameworksBuildPhase;
			buildActionMask = 2147483647;
			files = (
				3422C3721768DC200058D2B2 /* ImageIO.framework in Frameworks */,
				34E52F0017609D8E006D9DED /* OpenGLES.framework in Frameworks */,
				34D72478175E26170088D3D5 /* CoreData.framework in Frameworks */,
				34C0CCDC175B43B300F8BCED /* Accounts.framework in Frameworks */,
				34C0CCDA175B43A800F8BCED /* Social.framework in Frameworks */,
				34C0CCD8175B439C00F8BCED /* AdSupport.framework in Frameworks */,
				34C0CCD6175B431C00F8BCED /* SystemConfiguration.framework in Frameworks */,
				34C0CCD4175B431600F8BCED /* StoreKit.framework in Frameworks */,
				34C0CCD2175B431000F8BCED /* Security.framework in Frameworks */,
				34C0CCD0175B430A00F8BCED /* QuartzCore.framework in Frameworks */,
				34C0CCCE175B430300F8BCED /* MobileCoreServices.framework in Frameworks */,
				34C0CCCC175B42FD00F8BCED /* libz.1.1.3.dylib in Frameworks */,
				34C0CCCA175B42F600F8BCED /* CoreLocation.framework in Frameworks */,
				34C0CCC8175B42ED00F8BCED /* CFNetwork.framework in Frameworks */,
				34C0CCC6175B42E400F8BCED /* AudioToolbox.framework in Frameworks */,
				34ECED78175A566800B5A17E /* UIKit.framework in Frameworks */,
				34ECED7A175A566800B5A17E /* Foundation.framework in Frameworks */,
				34ECED7C175A566800B5A17E /* CoreGraphics.framework in Frameworks */,
				34C0CCC4175B42CA00F8BCED /* Parse.framework in Frameworks */,
			);
			runOnlyForDeploymentPostprocessing = 0;
		};
/* End PBXFrameworksBuildPhase section */

/* Begin PBXGroup section */
		3422C3451768DB620058D2B2 /* SDWebImage */ = {
			isa = PBXGroup;
			children = (
				3422C3481768DB620058D2B2 /* NSData+GIF.h */,
				3422C3491768DB620058D2B2 /* NSData+GIF.m */,
				3422C34A1768DB620058D2B2 /* SDImageCache.h */,
				3422C34B1768DB620058D2B2 /* SDImageCache.m */,
				3422C34C1768DB620058D2B2 /* SDWebImageCompat.h */,
				3422C34D1768DB620058D2B2 /* SDWebImageCompat.m */,
				3422C34E1768DB620058D2B2 /* SDWebImageDecoder.h */,
				3422C34F1768DB620058D2B2 /* SDWebImageDecoder.m */,
				3422C3501768DB620058D2B2 /* SDWebImageDownloader.h */,
				3422C3511768DB620058D2B2 /* SDWebImageDownloader.m */,
				3422C3521768DB620058D2B2 /* SDWebImageDownloaderOperation.h */,
				3422C3531768DB620058D2B2 /* SDWebImageDownloaderOperation.m */,
				3422C3541768DB620058D2B2 /* SDWebImageManager.h */,
				3422C3551768DB620058D2B2 /* SDWebImageManager.m */,
				3422C3561768DB620058D2B2 /* SDWebImageOperation.h */,
				3422C3571768DB620058D2B2 /* SDWebImagePrefetcher.h */,
				3422C3581768DB620058D2B2 /* SDWebImagePrefetcher.m */,
				3422C3591768DB620058D2B2 /* UIButton+WebCache.h */,
				3422C35A1768DB620058D2B2 /* UIButton+WebCache.m */,
				3422C35B1768DB620058D2B2 /* UIImage+GIF.h */,
				3422C35C1768DB620058D2B2 /* UIImage+GIF.m */,
				3422C35D1768DB620058D2B2 /* UIImage+MultiFormat.h */,
				3422C35E1768DB620058D2B2 /* UIImage+MultiFormat.m */,
				3422C35F1768DB620058D2B2 /* UIImage+WebP.h */,
				3422C3601768DB620058D2B2 /* UIImage+WebP.m */,
				3422C3611768DB620058D2B2 /* UIImageView+WebCache.h */,
				3422C3621768DB620058D2B2 /* UIImageView+WebCache.m */,
			);
			path = SDWebImage;
			sourceTree = "<group>";
		};
		3422C3731768DC4E0058D2B2 /* PreloadImageSystem */ = {
			isa = PBXGroup;
			children = (
				3422C3741768E24C0058D2B2 /* 14de077dc1b38d37b2d12ae9ac97c24c */,
				3422C3751768E24C0058D2B2 /* 36bb55bef261b5b00ee75d37d6b34ee6 */,
				3422C3761768E24C0058D2B2 /* 95262f16ec3755b08e360dfc227dc753 */,
				3422C3771768E24C0058D2B2 /* d4a8e578f9a538a016eaafb44102d16c */,
				3422C3781768E24C0058D2B2 /* ef64b6d04ae10435c16afbfca1c389fd */,
			);
			path = PreloadImageSystem;
			sourceTree = "<group>";
		};
		3422C37F1768E4100058D2B2 /* PreloadImageSystem */ = {
			isa = PBXGroup;
			children = (
				3422C3801768E4110058D2B2 /* 14de077dc1b38d37b2d12ae9ac97c24c */,
				3422C3811768E4110058D2B2 /* 36bb55bef261b5b00ee75d37d6b34ee6 */,
				3422C3821768E4110058D2B2 /* 95262f16ec3755b08e360dfc227dc753 */,
				3422C3831768E4110058D2B2 /* d4a8e578f9a538a016eaafb44102d16c */,
				3422C3841768E4110058D2B2 /* ef64b6d04ae10435c16afbfca1c389fd */,
			);
			name = PreloadImageSystem;
			path = PhotoAndMe/Media/PreloadImageSystem;
			sourceTree = "<group>";
		};
		3426DCB1176A04CD00CB5FEA /* AddCategoryViewController */ = {
			isa = PBXGroup;
			children = (
				3426DCB2176A04CD00CB5FEA /* AddCategoryViewController.h */,
				3426DCB3176A04CD00CB5FEA /* AddCategoryViewController.m */,
				3426DCB4176A04CD00CB5FEA /* AddCategoryViewController.xib */,
			);
			path = AddCategoryViewController;
			sourceTree = "<group>";
		};
		34C0CCDD175B450400F8BCED /* Classes */ = {
			isa = PBXGroup;
			children = (
				34C0CCDE175B450400F8BCED /* AppDelegate.h */,
				34C0CCDF175B450400F8BCED /* AppDelegate.m */,
				34C0CCE0175B450400F8BCED /* ViewControllers */,
				34C0CD18175B53BF00F8BCED /* Model */,
			);
			path = Classes;
			sourceTree = "<group>";
		};
		34C0CCE0175B450400F8BCED /* ViewControllers */ = {
			isa = PBXGroup;
			children = (
				BDA3A94617A7982900DAC938 /* PullRefreshTableViewController.h */,
				BDA3A94717A7982A00DAC938 /* PullRefreshTableViewController.m */,
				3426DCB1176A04CD00CB5FEA /* AddCategoryViewController */,
				34C0CD02175B46A800F8BCED /* GalleryViewController */,
				34C0CD0D175B4F3200F8BCED /* PhotoFrameViewController */,
				34E52F0517609EC8006D9DED /* EffectGLViewController */,
			);
			path = ViewControllers;
			sourceTree = "<group>";
		};
		34C0CCEC175B450400F8BCED /* Library */ = {
			isa = PBXGroup;
			children = (
				3422C3451768DB620058D2B2 /* SDWebImage */,
				34C0CCFE175B469E00F8BCED /* ViewLoadedFromNib */,
				34C0CCED175B450400F8BCED /* LazyImageView */,
			);
			path = Library;
			sourceTree = "<group>";
		};
		34C0CCED175B450400F8BCED /* LazyImageView */ = {
			isa = PBXGroup;
			children = (
				34C0CCEE175B450400F8BCED /* LazyImageView.h */,
				34C0CCEF175B450400F8BCED /* LazyImageView.m */,
			);
			path = LazyImageView;
			sourceTree = "<group>";
		};
		34C0CCF0175B450400F8BCED /* Media */ = {
			isa = PBXGroup;
			children = (
				BDA3A8F217A7871800DAC938 /* Layout */,
				3422C3731768DC4E0058D2B2 /* PreloadImageSystem */,
				34C0CCF1175B450400F8BCED /* Images */,
			);
			path = Media;
			sourceTree = "<group>";
		};
		34C0CCF1175B450400F8BCED /* Images */ = {
			isa = PBXGroup;
			children = (
				34E52F0117609EBD006D9DED /* texture.png */,
				34E52F0217609EBD006D9DED /* nature.jpeg */,
				34C0CCF2175B450400F8BCED /* invaderzim.jpg */,
				34C0CCF3175B450400F8BCED /* invaderzim_smal.jpg */,
			);
			path = Images;
			sourceTree = "<group>";
		};
		34C0CCFE175B469E00F8BCED /* ViewLoadedFromNib */ = {
			isa = PBXGroup;
			children = (
				34C0CCFF175B469E00F8BCED /* ViewLoadedFromNib.h */,
				34C0CD00175B469E00F8BCED /* ViewLoadedFromNib.m */,
			);
			path = ViewLoadedFromNib;
			sourceTree = "<group>";
		};
		34C0CD02175B46A800F8BCED /* GalleryViewController */ = {
			isa = PBXGroup;
			children = (
				34C0CD06175B46A800F8BCED /* GalleryViewController.h */,
				34C0CD07175B46A800F8BCED /* GalleryViewController.m */,
				34C0CD08175B46A800F8BCED /* GalleryViewController.xib */,
				34C0CD03175B46A800F8BCED /* GalleryItemView.h */,
				34C0CD04175B46A800F8BCED /* GalleryItemView.m */,
				34C0CD05175B46A800F8BCED /* GalleryItemView.xib */,
			);
			path = GalleryViewController;
			sourceTree = "<group>";
		};
		34C0CD0D175B4F3200F8BCED /* PhotoFrameViewController */ = {
			isa = PBXGroup;
			children = (
				34C0CD11175B4F3200F8BCED /* PhotoFrameViewController.h */,
				34C0CD12175B4F3200F8BCED /* PhotoFrameViewController.m */,
				34C0CD13175B4F3200F8BCED /* PhotoFrameViewController.xib */,
				34C0CD0E175B4F3200F8BCED /* PhotoFrameItemView.h */,
				34C0CD0F175B4F3200F8BCED /* PhotoFrameItemView.m */,
				34C0CD10175B4F3200F8BCED /* PhotoFrameItemView.xib */,
			);
			path = PhotoFrameViewController;
			sourceTree = "<group>";
		};
		34C0CD18175B53BF00F8BCED /* Model */ = {
			isa = PBXGroup;
			children = (
				34D72479175E263B0088D3D5 /* CoreData */,
				34C0CD19175B53BF00F8BCED /* AppModel.h */,
				34C0CD1A175B53BF00F8BCED /* AppModel.m */,
				34D72474175E20890088D3D5 /* AppModel+Parse.h */,
				34D72475175E20890088D3D5 /* AppModel+Parse.m */,
				34D72489175E2BAA0088D3D5 /* AppModel+CoreData.h */,
				34D7248A175E2BAA0088D3D5 /* AppModel+CoreData.m */,
			);
			path = Model;
			sourceTree = "<group>";
		};
		34D72479175E263B0088D3D5 /* CoreData */ = {
			isa = PBXGroup;
			children = (
				34D7247A175E26590088D3D5 /* PhotoAndMe.xcdatamodeld */,
				340519D51761B90900FABD9B /* Category.h */,
				340519D61761B90900FABD9B /* Category.m */,
				340519D81761B90A00FABD9B /* PhotoFrame.h */,
				340519D91761B90A00FABD9B /* PhotoFrame.m */,
			);
			path = CoreData;
			sourceTree = "<group>";
		};
		34E52F0517609EC8006D9DED /* EffectGLViewController */ = {
			isa = PBXGroup;
			children = (
				34E52F0617609EC8006D9DED /* ConstantsAndMacros.h */,
				34E52F0717609EC8006D9DED /* EffectGLView.h */,
				34E52F0817609EC8006D9DED /* EffectGLView.m */,
				34E52F0917609EC8006D9DED /* EffectGLViewController.h */,
				34E52F0A17609EC8006D9DED /* EffectGLViewController.m */,
				34E52F0B17609EC8006D9DED /* EffectGLViewController.xib */,
				34E52F0C17609EC8006D9DED /* OpenGLCommon.h */,
			);
			path = EffectGLViewController;
			sourceTree = "<group>";
		};
		34ECED6B175A566800B5A17E = {
			isa = PBXGroup;
			children = (
				3422C3851768E4470058D2B2 /* PreloadImageSystem */,
				3422C37F1768E4100058D2B2 /* PreloadImageSystem */,
				3422C3711768DC200058D2B2 /* ImageIO.framework */,
				34E52EFF17609D8E006D9DED /* OpenGLES.framework */,
				34D72477175E26170088D3D5 /* CoreData.framework */,
				34C0CCDB175B43B300F8BCED /* Accounts.framework */,
				34C0CCD9175B43A800F8BCED /* Social.framework */,
				34C0CCD7175B439C00F8BCED /* AdSupport.framework */,
				34C0CCD5175B431C00F8BCED /* SystemConfiguration.framework */,
				34C0CCD3175B431600F8BCED /* StoreKit.framework */,
				34C0CCD1175B431000F8BCED /* Security.framework */,
				34C0CCCF175B430A00F8BCED /* QuartzCore.framework */,
				34C0CCCD175B430300F8BCED /* MobileCoreServices.framework */,
				34C0CCCB175B42FD00F8BCED /* libz.1.1.3.dylib */,
				34C0CCC9175B42F600F8BCED /* CoreLocation.framework */,
				34C0CCC7175B42ED00F8BCED /* CFNetwork.framework */,
				34C0CCC5175B42E400F8BCED /* AudioToolbox.framework */,
				34C0CCC3175B42CA00F8BCED /* Parse.framework */,
				34ECED7D175A566800B5A17E /* PhotoAndMe */,
				34ECED76175A566800B5A17E /* Frameworks */,
				34ECED75175A566800B5A17E /* Products */,
			);
			sourceTree = "<group>";
		};
		34ECED75175A566800B5A17E /* Products */ = {
			isa = PBXGroup;
			children = (
				34ECED74175A566800B5A17E /* PhotoAndMe.app */,
			);
			name = Products;
			sourceTree = "<group>";
		};
		34ECED76175A566800B5A17E /* Frameworks */ = {
			isa = PBXGroup;
			children = (
				34ECED77175A566800B5A17E /* UIKit.framework */,
				34ECED79175A566800B5A17E /* Foundation.framework */,
				34ECED7B175A566800B5A17E /* CoreGraphics.framework */,
			);
			name = Frameworks;
			sourceTree = "<group>";
		};
		34ECED7D175A566800B5A17E /* PhotoAndMe */ = {
			isa = PBXGroup;
			children = (
				34C0CCDD175B450400F8BCED /* Classes */,
				34C0CCEC175B450400F8BCED /* Library */,
				34C0CCF0175B450400F8BCED /* Media */,
				34ECED7E175A566800B5A17E /* Supporting Files */,
			);
			path = PhotoAndMe;
			sourceTree = "<group>";
		};
		34ECED7E175A566800B5A17E /* Supporting Files */ = {
			isa = PBXGroup;
			children = (
				340519DB1762131900FABD9B /* PhotoAndMe.sqlite */,
				34ECED7F175A566800B5A17E /* PhotoAndMe-Info.plist */,
				34ECED80175A566800B5A17E /* InfoPlist.strings */,
				34ECED83175A566800B5A17E /* main.m */,
				34ECED85175A566800B5A17E /* PhotoAndMe-Prefix.pch */,
				34ECED89175A566900B5A17E /* Default.png */,
				34ECED8B175A566900B5A17E /* Default@2x.png */,
				34ECED8D175A566900B5A17E /* Default-568h@2x.png */,
			);
			name = "Supporting Files";
			sourceTree = "<group>";
		};
		BDA3A8F217A7871800DAC938 /* Layout */ = {
			isa = PBXGroup;
			children = (
				BDA3A94817A7984F00DAC938 /* iphone_pull-arrow.png */,
				BDA3A91517A78BFC00DAC938 /* iPhone_arrow_left.png */,
				BDA3A91617A78BFD00DAC938 /* iPhone_arrow_left@2x.png */,
				BDA3A91717A78BFE00DAC938 /* iPhone_picture.png */,
				BDA3A91817A78BFF00DAC938 /* iPhone_picture@2x.png */,
				BDA3A91917A78BFF00DAC938 /* iPhone_mail.png */,
				BDA3A91A17A78C0000DAC938 /* iPhone_mail@2x.png */,
				BDA3A91B17A78C0100DAC938 /* iPhone_info.png */,
				BDA3A91C17A78C0100DAC938 /* iPhone_info@2x.png */,
				BDA3A91D17A78C0300DAC938 /* iPhone_facebook.png */,
				BDA3A91E17A78C0300DAC938 /* iPhone_facebook@2x.png */,
				BDA3A91F17A78C0400DAC938 /* iPhone_setting.png */,
				BDA3A92017A78C0400DAC938 /* iPhone_setting@2x.png */,
				BDA3A92117A78C0400DAC938 /* iPhone_twitter.png */,
				BDA3A92217A78C0500DAC938 /* iPhone_twitter@2x.png */,
				BDA3A92317A78C0500DAC938 /* iPhone_effect.png */,
				BDA3A92417A78C0900DAC938 /* iPhone_effect@2x.png */,
				BDA3A92517A78C0900DAC938 /* iPhone_store.png */,
				BDA3A92617A78C0900DAC938 /* iPhone_store@2x.png */,
				BDA3A92717A78C0A00DAC938 /* iPhone_share.png */,
				BDA3A92817A78C0A00DAC938 /* iPhone_share@2x.png */,
				BDA3A92917A78C0A00DAC938 /* iPhone_save.png */,
				BDA3A92A17A78C0B00DAC938 /* iPhone_save@2x.png */,
				BDA3A92B17A78C0B00DAC938 /* iPhone_camera.png */,
				BDA3A92C17A78C0B00DAC938 /* iPhone_camera@2x.png */,
				BDA3A8F317A7871800DAC938 /* iPhone_action.png */,
				BDA3A8F417A7871800DAC938 /* iPhone_action@2x.png */,
				BDA3A8F517A7871800DAC938 /* iPhone_back.png */,
				BDA3A8F617A7871800DAC938 /* iPhone_back@2x.png */,
				BDA3A8F717A7871800DAC938 /* iPhone_bottom_bar.png */,
				BDA3A8F817A7871800DAC938 /* iPhone_left.png */,
				BDA3A8F917A7871800DAC938 /* iPhone_left@2x.png */,
				BDA3A8FA17A7871800DAC938 /* iPhone_left_active.png */,
				BDA3A8FB17A7871800DAC938 /* iPhone_left_active@2x.png */,
				BDA3A8FC17A7871800DAC938 /* iPhone_menubar_bg.png */,
				BDA3A8FD17A7871800DAC938 /* iPhone_menubar_bg@2x.png */,
				BDA3A8FE17A7871800DAC938 /* iPhone_refresh.png */,
				BDA3A8FF17A7871800DAC938 /* iPhone_refresh@2x.png */,
				BDA3A90017A7871800DAC938 /* iPhone_right.png */,
				BDA3A90117A7871800DAC938 /* iPhone_right@2x.png */,
				BDA3A90217A7871800DAC938 /* iPhone_right_active.png */,
				BDA3A90317A7871800DAC938 /* iPhone_right_active@2x.png */,
			);
			path = Layout;
			sourceTree = "<group>";
		};
/* End PBXGroup section */

/* Begin PBXNativeTarget section */
		34ECED73175A566800B5A17E /* PhotoAndMe */ = {
			isa = PBXNativeTarget;
			buildConfigurationList = 34ECED97175A566900B5A17E /* Build configuration list for PBXNativeTarget "PhotoAndMe" */;
			buildPhases = (
				34ECED70175A566800B5A17E /* Sources */,
				34ECED71175A566800B5A17E /* Frameworks */,
				34ECED72175A566800B5A17E /* Resources */,
			);
			buildRules = (
			);
			dependencies = (
			);
			name = PhotoAndMe;
			productName = PhotoAndMe;
			productReference = 34ECED74175A566800B5A17E /* PhotoAndMe.app */;
			productType = "com.apple.product-type.application";
		};
/* End PBXNativeTarget section */

/* Begin PBXProject section */
		34ECED6C175A566800B5A17E /* Project object */ = {
			isa = PBXProject;
			attributes = {
				LastUpgradeCheck = 0460;
				ORGANIZATIONNAME = LeTienDung;
			};
			buildConfigurationList = 34ECED6F175A566800B5A17E /* Build configuration list for PBXProject "PhotoAndMe" */;
			compatibilityVersion = "Xcode 3.2";
			developmentRegion = English;
			hasScannedForEncodings = 0;
			knownRegions = (
				en,
			);
			mainGroup = 34ECED6B175A566800B5A17E;
			productRefGroup = 34ECED75175A566800B5A17E /* Products */;
			projectDirPath = "";
			projectRoot = "";
			targets = (
				34ECED73175A566800B5A17E /* PhotoAndMe */,
			);
		};
/* End PBXProject section */

/* Begin PBXResourcesBuildPhase section */
		34ECED72175A566800B5A17E /* Resources */ = {
			isa = PBXResourcesBuildPhase;
			buildActionMask = 2147483647;
			files = (
				3422C3861768E4470058D2B2 /* PreloadImageSystem in Resources */,
				34ECED82175A566800B5A17E /* InfoPlist.strings in Resources */,
				34ECED8A175A566900B5A17E /* Default.png in Resources */,
				34ECED8C175A566900B5A17E /* Default@2x.png in Resources */,
				34ECED8E175A566900B5A17E /* Default-568h@2x.png in Resources */,
				34C0CCFC175B450400F8BCED /* invaderzim.jpg in Resources */,
				34C0CCFD175B450400F8BCED /* invaderzim_smal.jpg in Resources */,
				34C0CD0A175B46A800F8BCED /* GalleryItemView.xib in Resources */,
				34C0CD0C175B46A800F8BCED /* GalleryViewController.xib in Resources */,
				34C0CD15175B4F3200F8BCED /* PhotoFrameItemView.xib in Resources */,
				34C0CD17175B4F3200F8BCED /* PhotoFrameViewController.xib in Resources */,
				34E52F0317609EBD006D9DED /* texture.png in Resources */,
				34E52F0417609EBD006D9DED /* nature.jpeg in Resources */,
				34E52F0F17609EC8006D9DED /* EffectGLViewController.xib in Resources */,
				340519DC1762131900FABD9B /* PhotoAndMe.sqlite in Resources */,
				3426DCB6176A04CD00CB5FEA /* AddCategoryViewController.xib in Resources */,
				BDA3A90417A7871800DAC938 /* iPhone_action.png in Resources */,
				BDA3A90517A7871800DAC938 /* iPhone_action@2x.png in Resources */,
				BDA3A90617A7871800DAC938 /* iPhone_back.png in Resources */,
				BDA3A90717A7871800DAC938 /* iPhone_back@2x.png in Resources */,
				BDA3A90817A7871800DAC938 /* iPhone_bottom_bar.png in Resources */,
				BDA3A90917A7871800DAC938 /* iPhone_left.png in Resources */,
				BDA3A90A17A7871800DAC938 /* iPhone_left@2x.png in Resources */,
				BDA3A90B17A7871800DAC938 /* iPhone_left_active.png in Resources */,
				BDA3A90C17A7871800DAC938 /* iPhone_left_active@2x.png in Resources */,
				BDA3A90D17A7871800DAC938 /* iPhone_menubar_bg.png in Resources */,
				BDA3A90E17A7871800DAC938 /* iPhone_menubar_bg@2x.png in Resources */,
				BDA3A90F17A7871800DAC938 /* iPhone_refresh.png in Resources */,
				BDA3A91017A7871800DAC938 /* iPhone_refresh@2x.png in Resources */,
				BDA3A91117A7871800DAC938 /* iPhone_right.png in Resources */,
				BDA3A91217A7871800DAC938 /* iPhone_right@2x.png in Resources */,
				BDA3A91317A7871800DAC938 /* iPhone_right_active.png in Resources */,
				BDA3A91417A7871800DAC938 /* iPhone_right_active@2x.png in Resources */,
				BDA3A92D17A78C0C00DAC938 /* iPhone_arrow_left.png in Resources */,
				BDA3A92E17A78C0C00DAC938 /* iPhone_arrow_left@2x.png in Resources */,
				BDA3A92F17A78C0C00DAC938 /* iPhone_picture.png in Resources */,
				BDA3A93017A78C0C00DAC938 /* iPhone_picture@2x.png in Resources */,
				BDA3A93117A78C0C00DAC938 /* iPhone_mail.png in Resources */,
				BDA3A93217A78C0C00DAC938 /* iPhone_mail@2x.png in Resources */,
				BDA3A93317A78C0C00DAC938 /* iPhone_info.png in Resources */,
				BDA3A93417A78C0C00DAC938 /* iPhone_info@2x.png in Resources */,
				BDA3A93517A78C0C00DAC938 /* iPhone_facebook.png in Resources */,
				BDA3A93617A78C0C00DAC938 /* iPhone_facebook@2x.png in Resources */,
				BDA3A93717A78C0C00DAC938 /* iPhone_setting.png in Resources */,
				BDA3A93817A78C0C00DAC938 /* iPhone_setting@2x.png in Resources */,
				BDA3A93917A78C0C00DAC938 /* iPhone_twitter.png in Resources */,
				BDA3A93A17A78C0C00DAC938 /* iPhone_twitter@2x.png in Resources */,
				BDA3A93B17A78C0C00DAC938 /* iPhone_effect.png in Resources */,
				BDA3A93C17A78C0C00DAC938 /* iPhone_effect@2x.png in Resources */,
				BDA3A93D17A78C0C00DAC938 /* iPhone_store.png in Resources */,
				BDA3A93E17A78C0C00DAC938 /* iPhone_store@2x.png in Resources */,
				BDA3A93F17A78C0C00DAC938 /* iPhone_share.png in Resources */,
				BDA3A94017A78C0C00DAC938 /* iPhone_share@2x.png in Resources */,
				BDA3A94117A78C0C00DAC938 /* iPhone_save.png in Resources */,
				BDA3A94217A78C0C00DAC938 /* iPhone_save@2x.png in Resources */,
				BDA3A94317A78C0C00DAC938 /* iPhone_camera.png in Resources */,
				BDA3A94417A78C0C00DAC938 /* iPhone_camera@2x.png in Resources */,
				BDA3A94917A7985000DAC938 /* iphone_pull-arrow.png in Resources */,
			);
			runOnlyForDeploymentPostprocessing = 0;
		};
/* End PBXResourcesBuildPhase section */

/* Begin PBXSourcesBuildPhase section */
		34ECED70175A566800B5A17E /* Sources */ = {
			isa = PBXSourcesBuildPhase;
			buildActionMask = 2147483647;
			files = (
				BDA3A94A17A798E500DAC938 /* PullRefreshTableViewController.h in Sources */,
				BDA3A94B17A798E500DAC938 /* PullRefreshTableViewController.m in Sources */,
				34ECED84175A566800B5A17E /* main.m in Sources */,
				34C0CCF4175B450400F8BCED /* AppDelegate.m in Sources */,
				34C0CCFB175B450400F8BCED /* LazyImageView.m in Sources */,
				34C0CD01175B469E00F8BCED /* ViewLoadedFromNib.m in Sources */,
				34C0CD09175B46A800F8BCED /* GalleryItemView.m in Sources */,
				34C0CD0B175B46A800F8BCED /* GalleryViewController.m in Sources */,
				34C0CD14175B4F3200F8BCED /* PhotoFrameItemView.m in Sources */,
				34C0CD16175B4F3200F8BCED /* PhotoFrameViewController.m in Sources */,
				34C0CD1B175B53BF00F8BCED /* AppModel.m in Sources */,
				34D72476175E20890088D3D5 /* AppModel+Parse.m in Sources */,
				34D7247C175E26590088D3D5 /* PhotoAndMe.xcdatamodeld in Sources */,
				34D7248B175E2BAA0088D3D5 /* AppModel+CoreData.m in Sources */,
				34E52F0D17609EC8006D9DED /* EffectGLView.m in Sources */,
				34E52F0E17609EC8006D9DED /* EffectGLViewController.m in Sources */,
				340519D71761B90900FABD9B /* Category.m in Sources */,
				340519DA1761B90A00FABD9B /* PhotoFrame.m in Sources */,
				3422C3641768DB620058D2B2 /* NSData+GIF.m in Sources */,
				3422C3651768DB620058D2B2 /* SDImageCache.m in Sources */,
				3422C3661768DB620058D2B2 /* SDWebImageCompat.m in Sources */,
				3422C3671768DB620058D2B2 /* SDWebImageDecoder.m in Sources */,
				3422C3681768DB620058D2B2 /* SDWebImageDownloader.m in Sources */,
				3422C3691768DB620058D2B2 /* SDWebImageDownloaderOperation.m in Sources */,
				3422C36A1768DB620058D2B2 /* SDWebImageManager.m in Sources */,
				3422C36B1768DB620058D2B2 /* SDWebImagePrefetcher.m in Sources */,
				3422C36C1768DB620058D2B2 /* UIButton+WebCache.m in Sources */,
				3422C36D1768DB620058D2B2 /* UIImage+GIF.m in Sources */,
				3422C36E1768DB620058D2B2 /* UIImage+MultiFormat.m in Sources */,
				3422C36F1768DB620058D2B2 /* UIImage+WebP.m in Sources */,
				3422C3701768DB620058D2B2 /* UIImageView+WebCache.m in Sources */,
				3426DCB5176A04CD00CB5FEA /* AddCategoryViewController.m in Sources */,
			);
			runOnlyForDeploymentPostprocessing = 0;
		};
/* End PBXSourcesBuildPhase section */

/* Begin PBXVariantGroup section */
		34ECED80175A566800B5A17E /* InfoPlist.strings */ = {
			isa = PBXVariantGroup;
			children = (
				34ECED81175A566800B5A17E /* en */,
			);
			name = InfoPlist.strings;
			sourceTree = "<group>";
		};
/* End PBXVariantGroup section */

/* Begin XCBuildConfiguration section */
		34ECED95175A566900B5A17E /* Debug */ = {
			isa = XCBuildConfiguration;
			buildSettings = {
				ALWAYS_SEARCH_USER_PATHS = NO;
				CLANG_CXX_LANGUAGE_STANDARD = "gnu++0x";
				CLANG_CXX_LIBRARY = "libc++";
				CLANG_WARN_CONSTANT_CONVERSION = YES;
				CLANG_WARN_EMPTY_BODY = YES;
				CLANG_WARN_ENUM_CONVERSION = YES;
				CLANG_WARN_INT_CONVERSION = YES;
				CLANG_WARN__DUPLICATE_METHOD_MATCH = YES;
				"CODE_SIGN_IDENTITY[sdk=iphoneos*]" = "iPhone Developer";
				COPY_PHASE_STRIP = NO;
				GCC_C_LANGUAGE_STANDARD = gnu99;
				GCC_DYNAMIC_NO_PIC = NO;
				GCC_OPTIMIZATION_LEVEL = 0;
				GCC_PREPROCESSOR_DEFINITIONS = (
					"DEBUG=1",
					"$(inherited)",
				);
				GCC_SYMBOLS_PRIVATE_EXTERN = NO;
				GCC_WARN_ABOUT_RETURN_TYPE = YES;
				GCC_WARN_UNINITIALIZED_AUTOS = YES;
				GCC_WARN_UNUSED_VARIABLE = YES;
				IPHONEOS_DEPLOYMENT_TARGET = 5.0;
				ONLY_ACTIVE_ARCH = YES;
				SDKROOT = iphoneos;
			};
			name = Debug;
		};
		34ECED96175A566900B5A17E /* Release */ = {
			isa = XCBuildConfiguration;
			buildSettings = {
				ALWAYS_SEARCH_USER_PATHS = NO;
				CLANG_CXX_LANGUAGE_STANDARD = "gnu++0x";
				CLANG_CXX_LIBRARY = "libc++";
				CLANG_WARN_CONSTANT_CONVERSION = YES;
				CLANG_WARN_EMPTY_BODY = YES;
				CLANG_WARN_ENUM_CONVERSION = YES;
				CLANG_WARN_INT_CONVERSION = YES;
				CLANG_WARN__DUPLICATE_METHOD_MATCH = YES;
				"CODE_SIGN_IDENTITY[sdk=iphoneos*]" = "iPhone Developer";
				COPY_PHASE_STRIP = YES;
				GCC_C_LANGUAGE_STANDARD = gnu99;
				GCC_WARN_ABOUT_RETURN_TYPE = YES;
				GCC_WARN_UNINITIALIZED_AUTOS = YES;
				GCC_WARN_UNUSED_VARIABLE = YES;
				IPHONEOS_DEPLOYMENT_TARGET = 5.0;
				OTHER_CFLAGS = "-DNS_BLOCK_ASSERTIONS=1";
				SDKROOT = iphoneos;
				VALIDATE_PRODUCT = YES;
			};
			name = Release;
		};
		34ECED98175A566900B5A17E /* Debug */ = {
			isa = XCBuildConfiguration;
			buildSettings = {
				FRAMEWORK_SEARCH_PATHS = (
					"$(inherited)",
					"\"$(SRCROOT)\"",
				);
				GCC_PRECOMPILE_PREFIX_HEADER = YES;
				GCC_PREFIX_HEADER = "PhotoAndMe/PhotoAndMe-Prefix.pch";
				INFOPLIST_FILE = "PhotoAndMe/PhotoAndMe-Info.plist";
				IPHONEOS_DEPLOYMENT_TARGET = 5.0;
				PRODUCT_NAME = "$(TARGET_NAME)";
				RUN_CLANG_STATIC_ANALYZER = YES;
				WRAPPER_EXTENSION = app;
			};
			name = Debug;
		};
		34ECED99175A566900B5A17E /* Release */ = {
			isa = XCBuildConfiguration;
			buildSettings = {
				FRAMEWORK_SEARCH_PATHS = (
					"$(inherited)",
					"\"$(SRCROOT)\"",
				);
				GCC_PRECOMPILE_PREFIX_HEADER = YES;
				GCC_PREFIX_HEADER = "PhotoAndMe/PhotoAndMe-Prefix.pch";
				INFOPLIST_FILE = "PhotoAndMe/PhotoAndMe-Info.plist";
				IPHONEOS_DEPLOYMENT_TARGET = 5.0;
				PRODUCT_NAME = "$(TARGET_NAME)";
				RUN_CLANG_STATIC_ANALYZER = YES;
				WRAPPER_EXTENSION = app;
			};
			name = Release;
		};
/* End XCBuildConfiguration section */

/* Begin XCConfigurationList section */
		34ECED6F175A566800B5A17E /* Build configuration list for PBXProject "PhotoAndMe" */ = {
			isa = XCConfigurationList;
			buildConfigurations = (
				34ECED95175A566900B5A17E /* Debug */,
				34ECED96175A566900B5A17E /* Release */,
			);
			defaultConfigurationIsVisible = 0;
			defaultConfigurationName = Release;
		};
		34ECED97175A566900B5A17E /* Build configuration list for PBXNativeTarget "PhotoAndMe" */ = {
			isa = XCConfigurationList;
			buildConfigurations = (
				34ECED98175A566900B5A17E /* Debug */,
				34ECED99175A566900B5A17E /* Release */,
			);
			defaultConfigurationIsVisible = 0;
			defaultConfigurationName = Release;
		};
/* End XCConfigurationList section */

/* Begin XCVersionGroup section */
		34D7247A175E26590088D3D5 /* PhotoAndMe.xcdatamodeld */ = {
			isa = XCVersionGroup;
			children = (
				34D7247B175E26590088D3D5 /* PhotoAndMe.xcdatamodel */,
			);
			currentVersion = 34D7247B175E26590088D3D5 /* PhotoAndMe.xcdatamodel */;
			path = PhotoAndMe.xcdatamodeld;
			sourceTree = "<group>";
			versionGroupType = wrapper.xcdatamodel;
		};
/* End XCVersionGroup section */
	};
	rootObject = 34ECED6C175A566800B5A17E /* Project object */;
}
